
Microsoft Visual Studio Solution File, Format Version 12.00
# Visual Studio Version 17
VisualStudioVersion = 17.6.33712.159
MinimumVisualStudioVersion = 10.0.40219.1
Project("{8BC9CEB8-8B4A-11D0-8D11-00A0C91BC942}") = "CIActivityMonitor", "CIActivityMonitor\CIActivityMonitor.vcxproj", "{BD7D8833-A120-4B6B-9AE9-A203E2B523E1}"
EndProject
Project("{FAE04EC0-301F-11D3-BF4B-00C04F79EFBC}") = "CIActivityConsumer", "CIActivityConsumer\CIActivityConsumer.csproj", "{285CABEB-626B-4308-A49B-95B9F187A160}"
EndProject
Global
	GlobalSection(SolutionConfigurationPlatforms) = preSolution
		Debug|Any CPU = Debug|Any CPU
		Debug|x64 = Debug|x64
		Debug|x86 = Debug|x86
		Release|Any CPU = Release|Any CPU
		Release|x64 = Release|x64
		Release|x86 = Release|x86
	EndGlobalSection
	GlobalSection(ProjectConfigurationPlatforms) = postSolution
		{BD7D8833-A120-4B6B-9AE9-A203E2B523E1}.Debug|Any CPU.ActiveCfg = Debug|x64
		{BD7D8833-A120-4B6B-9AE9-A203E2B523E1}.Debug|Any CPU.Build.0 = Debug|x64
		{BD7D8833-A120-4B6B-9AE9-A203E2B523E1}.Debug|x64.ActiveCfg = Debug|x64
		{BD7D8833-A120-4B6B-9AE9-A203E2B523E1}.Debug|x64.Build.0 = Debug|x64
		{BD7D8833-A120-4B6B-9AE9-A203E2B523E1}.Debug|x86.ActiveCfg = Debug|Win32
		{BD7D8833-A120-4B6B-9AE9-A203E2B523E1}.Debug|x86.Build.0 = Debug|Win32
		{BD7D8833-A120-4B6B-9AE9-A203E2B523E1}.Release|Any CPU.ActiveCfg = Release|x64
		{BD7D8833-A120-4B6B-9AE9-A203E2B523E1}.Release|Any CPU.Build.0 = Release|x64
		{BD7D8833-A120-4B6B-9AE9-A203E2B523E1}.Release|x64.ActiveCfg = Release|x64
		{BD7D8833-A120-4B6B-9AE9-A203E2B523E1}.Release|x64.Build.0 = Release|x64
		{BD7D8833-A120-4B6B-9AE9-A203E2B523E1}.Release|x86.ActiveCfg = Release|Win32
		{BD7D8833-A120-4B6B-9AE9-A203E2B523E1}.Release|x86.Build.0 = Release|Win32
		{285CABEB-626B-4308-A49B-95B9F187A160}.Debug|Any CPU.ActiveCfg = Debug|Any CPU
		{285CABEB-626B-4308-A49B-95B9F187A160}.Debug|Any CPU.Build.0 = Debug|Any CPU
		{285CABEB-626B-4308-A49B-95B9F187A160}.Debug|x64.ActiveCfg = Debug|Any CPU
		{285CABEB-626B-4308-A49B-95B9F187A160}.Debug|x64.Build.0 = Debug|Any CPU
		{285CABEB-626B-4308-A49B-95B9F187A160}.Debug|x86.ActiveCfg = Debug|Any CPU
		{285CABEB-626B-4308-A49B-95B9F187A160}.Debug|x86.Build.0 = Debug|Any CPU
		{285CABEB-626B-4308-A49B-95B9F187A160}.Release|Any CPU.ActiveCfg = Release|Any CPU
		{285CABEB-626B-4308-A49B-95B9F187A160}.Release|Any CPU.Build.0 = Release|Any CPU
		{285CABEB-626B-4308-A49B-95B9F187A160}.Release|x64.ActiveCfg = Release|Any CPU
		{285CABEB-626B-4308-A49B-95B9F187A160}.Release|x64.Build.0 = Release|Any CPU
		{285CABEB-626B-4308-A49B-95B9F187A160}.Release|x86.ActiveCfg = Release|Any CPU
		{285CABEB-626B-4308-A49B-95B9F187A160}.Release|x86.Build.0 = Release|Any CPU
	EndGlobalSection
	GlobalSection(SolutionProperties) = preSolution
		HideSolutionNode = FALSE
	EndGlobalSection
	GlobalSection(ExtensibilityGlobals) = postSolution
		SolutionGuid = {BDE318D6-BE00-4C26-A3FC-AE0B5592C2A2}
	EndGlobalSection
EndGlobal
